// !$*UTF8*$!
{
	archiveVersion = 1;
	classes = {
	};
	objectVersion = 46;
	objects = {

/* Begin PBXBuildFile section */
		4BBAB5EB1B0CF25900BB26C5 /* AppDelegate.swift in Sources */ = {isa = PBXBuildFile; fileRef = 4BBAB5EA1B0CF25900BB26C5 /* AppDelegate.swift */; };
		4BBAB5ED1B0CF25900BB26C5 /* ViewController.swift in Sources */ = {isa = PBXBuildFile; fileRef = 4BBAB5EC1B0CF25900BB26C5 /* ViewController.swift */; };
		4BBAB5F01B0CF25900BB26C5 /* Main.storyboard in Resources */ = {isa = PBXBuildFile; fileRef = 4BBAB5EE1B0CF25900BB26C5 /* Main.storyboard */; };
		4BBAB5F21B0CF25900BB26C5 /* Images.xcassets in Resources */ = {isa = PBXBuildFile; fileRef = 4BBAB5F11B0CF25900BB26C5 /* Images.xcassets */; };
		4BBAB5F51B0CF25900BB26C5 /* LaunchScreen.xib in Resources */ = {isa = PBXBuildFile; fileRef = 4BBAB5F31B0CF25900BB26C5 /* LaunchScreen.xib */; };
		4BBAB6011B0CF25900BB26C5 /* cardsTests.swift in Sources */ = {isa = PBXBuildFile; fileRef = 4BBAB6001B0CF25900BB26C5 /* cardsTests.swift */; };
		4BBAB60F1B0CFBEB00BB26C5 /* StackedLayout.swift in Sources */ = {isa = PBXBuildFile; fileRef = 4BBAB60E1B0CFBEB00BB26C5 /* StackedLayout.swift */; };
		4BF78BC31B0E4B280028FA12 /* ExposedLayout.swift in Sources */ = {isa = PBXBuildFile; fileRef = 4BF78BC21B0E4B280028FA12 /* ExposedLayout.swift */; };
/* End PBXBuildFile section */

/* Begin PBXContainerItemProxy section */
		4BBAB5FB1B0CF25900BB26C5 /* PBXContainerItemProxy */ = {
			isa = PBXContainerItemProxy;
			containerPortal = 4BBAB5DD1B0CF25900BB26C5 /* Project object */;
			proxyType = 1;
			remoteGlobalIDString = 4BBAB5E41B0CF25900BB26C5;
			remoteInfo = cards;
		};
/* End PBXContainerItemProxy section */

/* Begin PBXFileReference section */
		4BBAB5E51B0CF25900BB26C5 /* cards.app */ = {isa = PBXFileReference; explicitFileType = wrapper.application; includeInIndex = 0; path = cards.app; sourceTree = BUILT_PRODUCTS_DIR; };
		4BBAB5E91B0CF25900BB26C5 /* Info.plist */ = {isa = PBXFileReference; lastKnownFileType = text.plist.xml; path = Info.plist; sourceTree = "<group>"; };
		4BBAB5EA1B0CF25900BB26C5 /* AppDelegate.swift */ = {isa = PBXFileReference; lastKnownFileType = sourcecode.swift; path = AppDelegate.swift; sourceTree = "<group>"; };
		4BBAB5EC1B0CF25900BB26C5 /* ViewController.swift */ = {isa = PBXFileReference; lastKnownFileType = sourcecode.swift; path = ViewController.swift; sourceTree = "<group>"; };
		4BBAB5EF1B0CF25900BB26C5 /* Base */ = {isa = PBXFileReference; lastKnownFileType = file.storyboard; name = Base; path = Base.lproj/Main.storyboard; sourceTree = "<group>"; };
		4BBAB5F11B0CF25900BB26C5 /* Images.xcassets */ = {isa = PBXFileReference; lastKnownFileType = folder.assetcatalog; path = Images.xcassets; sourceTree = "<group>"; };
		4BBAB5F41B0CF25900BB26C5 /* Base */ = {isa = PBXFileReference; lastKnownFileType = file.xib; name = Base; path = Base.lproj/LaunchScreen.xib; sourceTree = "<group>"; };
		4BBAB5FA1B0CF25900BB26C5 /* cardsTests.xctest */ = {isa = PBXFileReference; explicitFileType = wrapper.cfbundle; includeInIndex = 0; path = cardsTests.xctest; sourceTree = BUILT_PRODUCTS_DIR; };
		4BBAB5FF1B0CF25900BB26C5 /* Info.plist */ = {isa = PBXFileReference; lastKnownFileType = text.plist.xml; path = Info.plist; sourceTree = "<group>"; };
		4BBAB6001B0CF25900BB26C5 /* cardsTests.swift */ = {isa = PBXFileReference; lastKnownFileType = sourcecode.swift; path = cardsTests.swift; sourceTree = "<group>"; };
		4BBAB60E1B0CFBEB00BB26C5 /* StackedLayout.swift */ = {isa = PBXFileReference; fileEncoding = 4; lastKnownFileType = sourcecode.swift; path = StackedLayout.swift; sourceTree = "<group>"; };
		4BF78BC21B0E4B280028FA12 /* ExposedLayout.swift */ = {isa = PBXFileReference; fileEncoding = 4; lastKnownFileType = sourcecode.swift; path = ExposedLayout.swift; sourceTree = "<group>"; };
/* End PBXFileReference section */

/* Begin PBXFrameworksBuildPhase section */
		4BBAB5E21B0CF25900BB26C5 /* Frameworks */ = {
			isa = PBXFrameworksBuildPhase;
			buildActionMask = 2147483647;
			files = (
			);
			runOnlyForDeploymentPostprocessing = 0;
		};
		4BBAB5F71B0CF25900BB26C5 /* Frameworks */ = {
			isa = PBXFrameworksBuildPhase;
			buildActionMask = 2147483647;
			files = (
			);
			runOnlyForDeploymentPostprocessing = 0;
		};
/* End PBXFrameworksBuildPhase section */

/* Begin PBXGroup section */
		4BBAB5DC1B0CF25900BB26C5 = {
			isa = PBXGroup;
			children = (
				4BBAB5E71B0CF25900BB26C5 /* cards */,
				4BBAB5FD1B0CF25900BB26C5 /* cardsTests */,
				4BBAB5E61B0CF25900BB26C5 /* Products */,
			);
			sourceTree = "<group>";
		};
		4BBAB5E61B0CF25900BB26C5 /* Products */ = {
			isa = PBXGroup;
			children = (
				4BBAB5E51B0CF25900BB26C5 /* cards.app */,
				4BBAB5FA1B0CF25900BB26C5 /* cardsTests.xctest */,
			);
			name = Products;
			sourceTree = "<group>";
		};
		4BBAB5E71B0CF25900BB26C5 /* cards */ = {
			isa = PBXGroup;
			children = (
				4BBAB5EA1B0CF25900BB26C5 /* AppDelegate.swift */,
				4BBAB5EC1B0CF25900BB26C5 /* ViewController.swift */,
				4BBAB5EE1B0CF25900BB26C5 /* Main.storyboard */,
				4BBAB60E1B0CFBEB00BB26C5 /* StackedLayout.swift */,
				4BF78BC21B0E4B280028FA12 /* ExposedLayout.swift */,
				4BBAB5F11B0CF25900BB26C5 /* Images.xcassets */,
				4BBAB5F31B0CF25900BB26C5 /* LaunchScreen.xib */,
				4BBAB5E81B0CF25900BB26C5 /* Supporting Files */,
			);
			path = cards;
			sourceTree = "<group>";
		};
		4BBAB5E81B0CF25900BB26C5 /* Supporting Files */ = {
			isa = PBXGroup;
			children = (
				4BBAB5E91B0CF25900BB26C5 /* Info.plist */,
			);
			name = "Supporting Files";
			sourceTree = "<group>";
		};
		4BBAB5FD1B0CF25900BB26C5 /* cardsTests */ = {
			isa = PBXGroup;
			children = (
				4BBAB6001B0CF25900BB26C5 /* cardsTests.swift */,
				4BBAB5FE1B0CF25900BB26C5 /* Supporting Files */,
			);
			path = cardsTests;
			sourceTree = "<group>";
		};
		4BBAB5FE1B0CF25900BB26C5 /* Supporting Files */ = {
			isa = PBXGroup;
			children = (
				4BBAB5FF1B0CF25900BB26C5 /* Info.plist */,
			);
			name = "Supporting Files";
			sourceTree = "<group>";
		};
/* End PBXGroup section */

/* Begin PBXNativeTarget section */
		4BBAB5E41B0CF25900BB26C5 /* cards */ = {
			isa = PBXNativeTarget;
			buildConfigurationList = 4BBAB6041B0CF25900BB26C5 /* Build configuration list for PBXNativeTarget "cards" */;
			buildPhases = (
				4BBAB5E11B0CF25900BB26C5 /* Sources */,
				4BBAB5E21B0CF25900BB26C5 /* Frameworks */,
				4BBAB5E31B0CF25900BB26C5 /* Resources */,
			);
			buildRules = (
			);
			dependencies = (
			);
			name = cards;
			productName = cards;
			productReference = 4BBAB5E51B0CF25900BB26C5 /* cards.app */;
			productType = "com.apple.product-type.application";
		};
		4BBAB5F91B0CF25900BB26C5 /* cardsTests */ = {
			isa = PBXNativeTarget;
			buildConfigurationList = 4BBAB6071B0CF25900BB26C5 /* Build configuration list for PBXNativeTarget "cardsTests" */;
			buildPhases = (
				4BBAB5F61B0CF25900BB26C5 /* Sources */,
				4BBAB5F71B0CF25900BB26C5 /* Frameworks */,
				4BBAB5F81B0CF25900BB26C5 /* Resources */,
			);
			buildRules = (
			);
			dependencies = (
				4BBAB5FC1B0CF25900BB26C5 /* PBXTargetDependency */,
			);
			name = cardsTests;
			productName = cardsTests;
			productReference = 4BBAB5FA1B0CF25900BB26C5 /* cardsTests.xctest */;
			productType = "com.apple.product-type.bundle.unit-test";
		};
/* End PBXNativeTarget section */

/* Begin PBXProject section */
		4BBAB5DD1B0CF25900BB26C5 /* Project object */ = {
			isa = PBXProject;
			attributes = {
				LastUpgradeCheck = 0630;
				ORGANIZATIONNAME = "Mariana Medeiro";
				TargetAttributes = {
					4BBAB5E41B0CF25900BB26C5 = {
						CreatedOnToolsVersion = 6.3.2;
					};
					4BBAB5F91B0CF25900BB26C5 = {
						CreatedOnToolsVersion = 6.3.2;
						TestTargetID = 4BBAB5E41B0CF25900BB26C5;
					};
				};
			};
			buildConfigurationList = 4BBAB5E01B0CF25900BB26C5 /* Build configuration list for PBXProject "cards" */;
			compatibilityVersion = "Xcode 3.2";
			developmentRegion = English;
			hasScannedForEncodings = 0;
			knownRegions = (
				en,
				Base,
			);
			mainGroup = 4BBAB5DC1B0CF25900BB26C5;
			productRefGroup = 4BBAB5E61B0CF25900BB26C5 /* Products */;
			projectDirPath = "";
			projectRoot = "";
			targets = (
				4BBAB5E41B0CF25900BB26C5 /* cards */,
				4BBAB5F91B0CF25900BB26C5 /* cardsTests */,
			);
		};
/* End PBXProject section */

/* Begin PBXResourcesBuildPhase section */
		4BBAB5E31B0CF25900BB26C5 /* Resources */ = {
			isa = PBXResourcesBuildPhase;
			buildActionMask = 2147483647;
			files = (
				4BBAB5F01B0CF25900BB26C5 /* Main.storyboard in Resources */,
				4BBAB5F51B0CF25900BB26C5 /* LaunchScreen.xib in Resources */,
				4BBAB5F21B0CF25900BB26C5 /* Images.xcassets in Resources */,
			);
			runOnlyForDeploymentPostprocessing = 0;
		};
		4BBAB5F81B0CF25900BB26C5 /* Resources */ = {
			isa = PBXResourcesBuildPhase;
			buildActionMask = 2147483647;
			files = (
			);
			runOnlyForDeploymentPostprocessing = 0;
		};
/* End PBXResourcesBuildPhase section */

/* Begin PBXSourcesBuildPhase section */
		4BBAB5E11B0CF25900BB26C5 /* Sources */ = {
			isa = PBXSourcesBuildPhase;
			buildActionMask = 2147483647;
			files = (
				4BF78BC31B0E4B280028FA12 /* ExposedLayout.swift in Sources */,
				4BBAB5ED1B0CF25900BB26C5 /* ViewController.swift in Sources */,
				4BBAB5EB1B0CF25900BB26C5 /* AppDelegate.swift in Sources */,
				4BBAB60F1B0CFBEB00BB26C5 /* StackedLayout.swift in Sources */,
			);
			runOnlyForDeploymentPostprocessing = 0;
		};
		4BBAB5F61B0CF25900BB26C5 /* Sources */ = {
			isa = PBXSourcesBuildPhase;
			buildActionMask = 2147483647;
			files = (
				4BBAB6011B0CF25900BB26C5 /* cardsTests.swift in Sources */,
			);
			runOnlyForDeploymentPostprocessing = 0;
		};
/* End PBXSourcesBuildPhase section */

/* Begin PBXTargetDependency section */
		4BBAB5FC1B0CF25900BB26C5 /* PBXTargetDependency */ = {
			isa = PBXTargetDependency;
			target = 4BBAB5E41B0CF25900BB26C5 /* cards */;
			targetProxy = 4BBAB5FB1B0CF25900BB26C5 /* PBXContainerItemProxy */;
		};
/* End PBXTargetDependency section */

/* Begin PBXVariantGroup section */
		4BBAB5EE1B0CF25900BB26C5 /* Main.storyboard */ = {
			isa = PBXVariantGroup;
			children = (
				4BBAB5EF1B0CF25900BB26C5 /* Base */,
			);
			name = Main.storyboard;
			sourceTree = "<group>";
		};
		4BBAB5F31B0CF25900BB26C5 /* LaunchScreen.xib */ = {
			isa = PBXVariantGroup;
			children = (
				4BBAB5F41B0CF25900BB26C5 /* Base */,
			);
			name = LaunchScreen.xib;
			sourceTree = "<group>";
		};
/* End PBXVariantGroup section */

/* Begin XCBuildConfiguration section */
		4BBAB6021B0CF25900BB26C5 /* Debug */ = {
			isa = XCBuildConfiguration;
			buildSettings = {
				ALWAYS_SEARCH_USER_PATHS = NO;
				CLANG_CXX_LANGUAGE_STANDARD = "gnu++0x";
				CLANG_CXX_LIBRARY = "libc++";
				CLANG_ENABLE_MODULES = YES;
				CLANG_ENABLE_OBJC_ARC = YES;
				CLANG_WARN_BOOL_CONVERSION = YES;
				CLANG_WARN_CONSTANT_CONVERSION = YES;
				CLANG_WARN_DIRECT_OBJC_ISA_USAGE = YES_ERROR;
				CLANG_WARN_EMPTY_BODY = YES;
				CLANG_WARN_ENUM_CONVERSION = YES;
				CLANG_WARN_INT_CONVERSION = YES;
				CLANG_WARN_OBJC_ROOT_CLASS = YES_ERROR;
				CLANG_WARN_UNREACHABLE_CODE = YES;
				CLANG_WARN__DUPLICATE_METHOD_MATCH = YES;
				"CODE_SIGN_IDENTITY[sdk=iphoneos*]" = "iPhone Developer";
				COPY_PHASE_STRIP = NO;
				DEBUG_INFORMATION_FORMAT = "dwarf-with-dsym";
				ENABLE_STRICT_OBJC_MSGSEND = YES;
				GCC_C_LANGUAGE_STANDARD = gnu99;
				GCC_DYNAMIC_NO_PIC = NO;
				GCC_NO_COMMON_BLOCKS = YES;
				GCC_OPTIMIZATION_LEVEL = 0;
				GCC_PREPROCESSOR_DEFINITIONS = (
					"DEBUG=1",
					"$(inherited)",
				);
				GCC_SYMBOLS_PRIVATE_EXTERN = NO;
				GCC_WARN_64_TO_32_BIT_CONVERSION = YES;
				GCC_WARN_ABOUT_RETURN_TYPE = YES_ERROR;
				GCC_WARN_UNDECLARED_SELECTOR = YES;
				GCC_WARN_UNINITIALIZED_AUTOS = YES_AGGRESSIVE;
				GCC_WARN_UNUSED_FUNCTION = YES;
				GCC_WARN_UNUSED_VARIABLE = YES;
				IPHONEOS_DEPLOYMENT_TARGET = 8.3;
				MTL_ENABLE_DEBUG_INFO = YES;
				ONLY_ACTIVE_ARCH = YES;
				SDKROOT = iphoneos;
				SWIFT_OPTIMIZATION_LEVEL = "-Onone";
			};
			name = Debug;
		};
		4BBAB6031B0CF25900BB26C5 /* Release */ = {
			isa = XCBuildConfiguration;
			buildSettings = {
				ALWAYS_SEARCH_USER_PATHS = NO;
				CLANG_CXX_LANGUAGE_STANDARD = "gnu++0x";
				CLANG_CXX_LIBRARY = "libc++";
				CLANG_ENABLE_MODULES = YES;
				CLANG_ENABLE_OBJC_ARC = YES;
				CLANG_WARN_BOOL_CONVERSION = YES;
				CLANG_WARN_CONSTANT_CONVERSION = YES;
				CLANG_WARN_DIRECT_OBJC_ISA_USAGE = YES_ERROR;
				CLANG_WARN_EMPTY_BODY = YES;
				CLANG_WARN_ENUM_CONVERSION = YES;
				CLANG_WARN_INT_CONVERSION = YES;
				CLANG_WARN_OBJC_ROOT_CLASS = YES_ERROR;
				CLANG_WARN_UNREACHABLE_CODE = YES;
				CLANG_WARN__DUPLICATE_METHOD_MATCH = YES;
				"CODE_SIGN_IDENTITY[sdk=iphoneos*]" = "iPhone Developer";
				COPY_PHASE_STRIP = NO;
				DEBUG_INFORMATION_FORMAT = "dwarf-with-dsym";
				ENABLE_NS_ASSERTIONS = NO;
				ENABLE_STRICT_OBJC_MSGSEND = YES;
				GCC_C_LANGUAGE_STANDARD = gnu99;
				GCC_NO_COMMON_BLOCKS = YES;
				GCC_WARN_64_TO_32_BIT_CONVERSION = YES;
				GCC_WARN_ABOUT_RETURN_TYPE = YES_ERROR;
				GCC_WARN_UNDECLARED_SELECTOR = YES;
				GCC_WARN_UNINITIALIZED_AUTOS = YES_AGGRESSIVE;
				GCC_WARN_UNUSED_FUNCTION = YES;
				GCC_WARN_UNUSED_VARIABLE = YES;
				IPHONEOS_DEPLOYMENT_TARGET = 8.3;
				MTL_ENABLE_DEBUG_INFO = NO;
				SDKROOT = iphoneos;
				VALIDATE_PRODUCT = YES;
			};
			name = Release;
		};
		4BBAB6051B0CF25900BB26C5 /* Debug */ = {
			isa = XCBuildConfiguration;
			buildSettings = {
				ASSETCATALOG_COMPILER_APPICON_NAME = AppIcon;
				INFOPLIST_FILE = cards/Info.plist;
				LD_RUNPATH_SEARCH_PATHS = "$(inherited) @executable_path/Frameworks";
				PRODUCT_NAME = "$(TARGET_NAME)";
			};
			name = Debug;
		};
		4BBAB6061B0CF25900BB26C5 /* Release */ = {
			isa = XCBuildConfiguration;
			buildSettings = {
				ASSETCATALOG_COMPILER_APPICON_NAME = AppIcon;
				INFOPLIST_FILE = cards/Info.plist;
				LD_RUNPATH_SEARCH_PATHS = "$(inherited) @executable_path/Frameworks";
				PRODUCT_NAME = "$(TARGET_NAME)";
			};
			name = Release;
		};
		4BBAB6081B0CF25900BB26C5 /* Debug */ = {
			isa = XCBuildConfiguration;
			buildSettings = {
				BUNDLE_LOADER = "$(TEST_HOST)";
				FRAMEWORK_SEARCH_PATHS = (
					"$(SDKROOT)/Developer/Library/Frameworks",
					"$(inherited)",
				);
				GCC_PREPROCESSOR_DEFINITIONS = (
					"DEBUG=1",
					"$(inherited)",
				);
				INFOPLIST_FILE = cardsTests/Info.plist;
				LD_RUNPATH_SEARCH_PATHS = "$(inherited) @executable_path/Frameworks @loader_path/Frameworks";
				PRODUCT_NAME = "$(TARGET_NAME)";
				TEST_HOST = "$(BUILT_PRODUCTS_DIR)/cards.app/cards";
			};
			name = Debug;
		};
		4BBAB6091B0CF25900BB26C5 /* Release */ = {
			isa = XCBuildConfiguration;
			buildSettings = {
				BUNDLE_LOADER = "$(TEST_HOST)";
				FRAMEWORK_SEARCH_PATHS = (
					"$(SDKROOT)/Developer/Library/Frameworks",
					"$(inherited)",
				);
				INFOPLIST_FILE = cardsTests/Info.plist;
				LD_RUNPATH_SEARCH_PATHS = "$(inherited) @executable_path/Frameworks @loader_path/Frameworks";
				PRODUCT_NAME = "$(TARGET_NAME)";
				TEST_HOST = "$(BUILT_PRODUCTS_DIR)/cards.app/cards";
			};
			name = Release;
		};
/* End XCBuildConfiguration section */

/* Begin XCConfigurationList section */
		4BBAB5E01B0CF25900BB26C5 /* Build configuration list for PBXProject "cards" */ = {
			isa = XCConfigurationList;
			buildConfigurations = (
				4BBAB6021B0CF25900BB26C5 /* Debug */,
				4BBAB6031B0CF25900BB26C5 /* Release */,
			);
			defaultConfigurationIsVisible = 0;
			defaultConfigurationName = Release;
		};
		4BBAB6041B0CF25900BB26C5 /* Build configuration list for PBXNativeTarget "cards" */ = {
			isa = XCConfigurationList;
			buildConfigurations = (
				4BBAB6051B0CF25900BB26C5 /* Debug */,
				4BBAB6061B0CF25900BB26C5 /* Release */,
			);
			defaultConfigurationIsVisible = 0;
			defaultConfigurationName = Release;
		};
		4BBAB6071B0CF25900BB26C5 /* Build configuration list for PBXNativeTarget "cardsTests" */ = {
			isa = XCConfigurationList;
			buildConfigurations = (
				4BBAB6081B0CF25900BB26C5 /* Debug */,
				4BBAB6091B0CF25900BB26C5 /* Release */,
			);
			defaultConfigurationIsVisible = 0;
			defaultConfigurationName = Release;
		};
/* End XCConfigurationList section */
	};
	rootObject = 4BBAB5DD1B0CF25900BB26C5 /* Project object */;
}
